
Microsoft Visual Studio Solution File, Format Version 12.00
# Visual Studio Version 17
VisualStudioVersion = 17.14.37111.16 d17.14
MinimumVisualStudioVersion = 10.0.40219.1
Project("{FAE04EC0-301F-11D3-BF4B-00C04F79EFBC}") = "DLMT BTL", "DLMT BTL.csproj", "{CA1E458E-82AE-47EB-B224-727F15CE1448}"
EndProject
Global
	GlobalSection(SolutionConfigurationPlatforms) = preSolution
		Debug|Any CPU = Debug|Any CPU
		Release|Any CPU = Release|Any CPU
	EndGlobalSection
	GlobalSection(ProjectConfigurationPlatforms) = postSolution
		{CA1E458E-82AE-47EB-B224-727F15CE1448}.Debug|Any CPU.ActiveCfg = Debug|Any CPU
		{CA1E458E-82AE-47EB-B224-727F15CE1448}.Debug|Any CPU.Build.0 = Debug|Any CPU
		{CA1E458E-82AE-47EB-B224-727F15CE1448}.Release|Any CPU.ActiveCfg = Release|Any CPU
		{CA1E458E-82AE-47EB-B224-727F15CE1448}.Release|Any CPU.Build.0 = Release|Any CPU
	EndGlobalSection
	GlobalSection(SolutionProperties) = preSolution
		HideSolutionNode = FALSE
	EndGlobalSection
	GlobalSection(ExtensibilityGlobals) = postSolution
		SolutionGuid = {99EF8E4F-E482-4EF8-8C69-79428E0BEFEB}
	EndGlobalSection
EndGlobal
